# THIS IS AN AUTOGENERATED FILE. DO NOT EDIT THIS FILE DIRECTLY.
# yarn lockfile v1
adm-zip@^0.4.7:
  version "0.4.7"
  resolved "https://registry.yarnpkg.com/adm-zip/-/adm-zip-0.4.7.tgz#8606c2cbf1c426ce8c8ec00174447fd49b6eafc1"

asap@~2.0.3:
  version "2.0.5"
  resolved "https://registry.yarnpkg.com/asap/-/asap-2.0.5.tgz#522765b50c3510490e52d7dcfe085ef9ba96958f"

async@^2.0.1:
  version "2.1.2"
  resolved "https://registry.yarnpkg.com/async/-/async-2.1.2.tgz#612a4ab45ef42a70cde806bad86ee6db047e8385"
  dependencies:
    lodash "^4.14.0"

async@2.0.1:
  version "2.0.1"
  resolved "https://registry.yarnpkg.com/async/-/async-2.0.1.tgz#b709cc0280a9c36f09f4536be823c838a9049e25"
  dependencies:
    lodash "^4.8.0"

bluebird@^3.3.4:
  version "3.4.6"
  resolved "https://registry.yarnpkg.com/bluebird/-/bluebird-3.4.6.tgz#01da8d821d87813d158967e743d5fe6c62cf8c0f"

bluebird@2.10.2:
  version "2.10.2"
  resolved "https://registry.yarnpkg.com/bluebird/-/bluebird-2.10.2.tgz#024a5517295308857f14f91f1106fc3b555f446b"

bson@~0.2:
  version "0.2.22"
  resolved "https://registry.yarnpkg.com/bson/-/bson-0.2.22.tgz#fcda103f26d0c074d5a52d50927db80fd02b4b39"
  dependencies:
    nan "~1.8"

bson@~0.5.4, bson@~0.5.6:
  version "0.5.6"
  resolved "https://registry.yarnpkg.com/bson/-/bson-0.5.6.tgz#e03de80a692c28fca4396f0d14c97069bd2b73a6"

buffer-shims@^1.0.0:
  version "1.0.0"
  resolved "https://registry.yarnpkg.com/buffer-shims/-/buffer-shims-1.0.0.tgz#9978ce317388c649ad8793028c3477ef044a8b51"

cluster-key-slot@^1.0.6:
  version "1.0.8"
  resolved "https://registry.yarnpkg.com/cluster-key-slot/-/cluster-key-slot-1.0.8.tgz#7654556085a65330932a2e8b5976f8e2d0b3e414"

core-util-is@~1.0.0:
  version "1.0.2"
  resolved "https://registry.yarnpkg.com/core-util-is/-/core-util-is-1.0.2.tgz#b5fd54220aa2bc5ab57aab7140c940754503c1a7"

debug@^2.2.0, debug@2.2.0:
  version "2.2.0"
  resolved "https://registry.yarnpkg.com/debug/-/debug-2.2.0.tgz#f87057e995b1a1f6ae6a4960664137bc56f039da"
  dependencies:
    ms "0.7.1"

double-ended-queue@^2.1.0-0:
  version "2.1.0-0"
  resolved "https://registry.yarnpkg.com/double-ended-queue/-/double-ended-queue-2.1.0-0.tgz#103d3527fd31528f40188130c841efdd78264e5c"

es6-promise@3.2.1:
  version "3.2.1"
  resolved "https://registry.yarnpkg.com/es6-promise/-/es6-promise-3.2.1.tgz#ec56233868032909207170c39448e24449dd1fc4"

fhir-patient-api@0.2.0:
  version "0.2.0"
  resolved "https://registry.yarnpkg.com/fhir-patient-api/-/fhir-patient-api-0.2.0.tgz#100dc6c8b7827ee0bd096f10505d41fa3683a7b3"
  dependencies:
    fibers ">=1.0.4"
    mongodb ">=2.0.49"

fibers@>=1.0.4:
  version "1.0.15"
  resolved "https://registry.yarnpkg.com/fibers/-/fibers-1.0.15.tgz#22f039c8f18b856190fbbe4decf056154c1eae9c"

flexbuffer@0.0.6:
  version "0.0.6"
  resolved "https://registry.yarnpkg.com/flexbuffer/-/flexbuffer-0.0.6.tgz#039fdf23f8823e440c38f3277e6fef1174215b30"

hooks-fixed@1.2.0:
  version "1.2.0"
  resolved "https://registry.yarnpkg.com/hooks-fixed/-/hooks-fixed-1.2.0.tgz#0d2772d4d7d685ff9244724a9f0b5b2559aac96b"

inherits@~2.0.1:
  version "2.0.3"
  resolved "https://registry.yarnpkg.com/inherits/-/inherits-2.0.3.tgz#633c2c83e3da42a502f52466022480f4208261de"

ioredis@^2.0.0:
  version "2.4.0"
  resolved "https://registry.yarnpkg.com/ioredis/-/ioredis-2.4.0.tgz#963f7bfbc86e5c40ea586857e14ebfb548142a88"
  dependencies:
    bluebird "^3.3.4"
    cluster-key-slot "^1.0.6"
    debug "^2.2.0"
    double-ended-queue "^2.1.0-0"
    flexbuffer "0.0.6"
    lodash "^4.8.2"
    redis-commands "^1.2.0"
    redis-parser "^1.3.0"

isarray@~1.0.0:
  version "1.0.0"
  resolved "https://registry.yarnpkg.com/isarray/-/isarray-1.0.0.tgz#bb935d48582cba168c06834957a54a3e07124f11"

json-is-equal@:
  version "1.0.0"
  resolved "https://registry.yarnpkg.com/json-is-equal/-/json-is-equal-1.0.0.tgz#5418fbec677cc686a36077f3352172ee91b728b6"

kareem@1.1.3:
  version "1.1.3"
  resolved "https://registry.yarnpkg.com/kareem/-/kareem-1.1.3.tgz#0877610d8879c38da62d1dbafde4e17f2692f041"

kerberos@0.0.11:
  version "0.0.11"
  resolved "https://registry.yarnpkg.com/kerberos/-/kerberos-0.0.11.tgz#cb29891c21c22ac195f3140b97dd12204fea7dc2"
  dependencies:
    nan "~1.8"

lodash@^4.14.0, lodash@^4.8.0, lodash@^4.8.2:
  version "4.16.6"
  resolved "https://registry.yarnpkg.com/lodash/-/lodash-4.16.6.tgz#d22c9ac660288f3843e16ba7d2b5d06cca27d777"

minimalist@^1.0.0:
  version "1.0.0"
  resolved "https://registry.yarnpkg.com/minimalist/-/minimalist-1.0.0.tgz#66bfe4fd625b568cc16acc9421154e66bfcd7218"

minimist@^1.2.0:
  version "1.2.0"
  resolved "https://registry.yarnpkg.com/minimist/-/minimist-1.2.0.tgz#a35008b20f41383eec1fb914f4cd5df79a264284"

minimist@~0.0.1:
  version "0.0.10"
  resolved "https://registry.yarnpkg.com/minimist/-/minimist-0.0.10.tgz#de3f98543dbf96082be48ad1a0c7cda836301dcf"

mongodb-core@2.0.13:
  version "2.0.13"
  resolved "https://registry.yarnpkg.com/mongodb-core/-/mongodb-core-2.0.13.tgz#f9394b588dce0e579482e53d74dbc7d7a9d4519c"
  dependencies:
    bson "~0.5.6"
    require_optional "~1.0.0"

mongodb-promise@:
  version "0.0.4"
  resolved "https://registry.yarnpkg.com/mongodb-promise/-/mongodb-promise-0.0.4.tgz#4528a902752366976c657990611443723abb0ebd"
  dependencies:
    mongodb "~1.4.0"
    q "~1.0.1"

mongodb@>=2.0.49, mongodb@2.2.11:
  version "2.2.11"
  resolved "https://registry.yarnpkg.com/mongodb/-/mongodb-2.2.11.tgz#a828b036fe6a437a35e723af5f81781c4976306c"
  dependencies:
    es6-promise "3.2.1"
    mongodb-core "2.0.13"
    readable-stream "2.1.5"

mongodb@~1.4.0:
  version "1.4.40"
  resolved "https://registry.yarnpkg.com/mongodb/-/mongodb-1.4.40.tgz#cfd80b74fdf0fa053f2ccfb5f49c47ca32a38efb"
  dependencies:
    bson "~0.2"
  optionalDependencies:
    kerberos "0.0.11"
    readable-stream latest

mongoose@^4.4.2:
  version "4.6.5"
  resolved "https://registry.yarnpkg.com/mongoose/-/mongoose-4.6.5.tgz#74eed37312e557c391d428c0cf3c8b8eb8959515"
  dependencies:
    async "2.0.1"
    bson "~0.5.4"
    hooks-fixed "1.2.0"
    kareem "1.1.3"
    mongodb "2.2.11"
    mpath "0.2.1"
    mpromise "0.5.5"
    mquery "2.0.0"
    ms "0.7.1"
    muri "1.1.1"
    regexp-clone "0.0.1"
    sliced "1.0.1"

mpath@0.2.1:
  version "0.2.1"
  resolved "https://registry.yarnpkg.com/mpath/-/mpath-0.2.1.tgz#3a4e829359801de96309c27a6b2e102e89f9e96e"

mpromise@0.5.5:
  version "0.5.5"
  resolved "https://registry.yarnpkg.com/mpromise/-/mpromise-0.5.5.tgz#f5b24259d763acc2257b0a0c8c6d866fd51732e6"

mquery@2.0.0:
  version "2.0.0"
  resolved "https://registry.yarnpkg.com/mquery/-/mquery-2.0.0.tgz#b5abc850b90dffc3e10ae49b4b6e7a479752df22"
  dependencies:
    bluebird "2.10.2"
    debug "2.2.0"
    regexp-clone "0.0.1"
    sliced "0.0.5"

ms@0.7.1:
  version "0.7.1"
  resolved "https://registry.yarnpkg.com/ms/-/ms-0.7.1.tgz#9cd13c03adbff25b65effde7ce864ee952017098"

muri@1.1.1:
  version "1.1.1"
  resolved "https://registry.yarnpkg.com/muri/-/muri-1.1.1.tgz#64bd904eaf8ff89600c994441fad3c5195905ac2"

nan@~1.8:
  version "1.8.4"
  resolved "https://registry.yarnpkg.com/nan/-/nan-1.8.4.tgz#3c76b5382eab33e44b758d2813ca9d92e9342f34"

node-qme@0.3.0:
  version "0.3.0"
  resolved "https://registry.yarnpkg.com/node-qme/-/node-qme-0.3.0.tgz#a8d74711bfd606748ba6928fb637fbd1bd0b582f"
  dependencies:
    adm-zip "^0.4.7"
    fibers ">=1.0.4"
    mongodb ">=2.0.49"
    mongodb-promise ""
    underscore "^1.8.3"

node-resque@~3.0.0:
  version "3.0.4"
  resolved "https://registry.yarnpkg.com/node-resque/-/node-resque-3.0.4.tgz#3671005aa33fbaab717682541a55243a9bcf54d1"
  dependencies:
    async "^2.0.1"
    ioredis "^2.0.0"

optimist@:
  version "0.6.1"
  resolved "https://registry.yarnpkg.com/optimist/-/optimist-0.6.1.tgz#da3ea74686fa21a19a111c326e90eb15a0196686"
  dependencies:
    minimist "~0.0.1"
    wordwrap "~0.0.2"

process-nextick-args@~1.0.6:
  version "1.0.7"
  resolved "https://registry.yarnpkg.com/process-nextick-args/-/process-nextick-args-1.0.7.tgz#150e20b756590ad3f91093f25a4f2ad8bff30ba3"

promise@^7.1.1:
  version "7.1.1"
  resolved "https://registry.yarnpkg.com/promise/-/promise-7.1.1.tgz#489654c692616b8aa55b0724fa809bb7db49c5bf"
  dependencies:
    asap "~2.0.3"

q@~1.0.1:
  version "1.0.1"
  resolved "https://registry.yarnpkg.com/q/-/q-1.0.1.tgz#11872aeedee89268110b10a718448ffb10112a14"

readable-stream@2.1.5, readable-stream@latest:
  version "2.1.5"
  resolved "https://registry.yarnpkg.com/readable-stream/-/readable-stream-2.1.5.tgz#66fa8b720e1438b364681f2ad1a63c618448c9d0"
  dependencies:
    buffer-shims "^1.0.0"
    core-util-is "~1.0.0"
    inherits "~2.0.1"
    isarray "~1.0.0"
    process-nextick-args "~1.0.6"
    string_decoder "~0.10.x"
    util-deprecate "~1.0.1"

redis-commands@^1.2.0:
  version "1.3.0"
  resolved "https://registry.yarnpkg.com/redis-commands/-/redis-commands-1.3.0.tgz#4307d8094aee1315829ab6729b37b99f62365d63"

redis-parser@^1.3.0:
  version "1.3.0"
  resolved "https://registry.yarnpkg.com/redis-parser/-/redis-parser-1.3.0.tgz#806ebe7bbfb7d34e4d7c1e9ef282efcfad04126a"

regexp-clone@0.0.1:
  version "0.0.1"
  resolved "https://registry.yarnpkg.com/regexp-clone/-/regexp-clone-0.0.1.tgz#a7c2e09891fdbf38fbb10d376fb73003e68ac589"

require_optional@~1.0.0:
  version "1.0.0"
  resolved "https://registry.yarnpkg.com/require_optional/-/require_optional-1.0.0.tgz#52a86137a849728eb60a55533617f8f914f59abf"
  dependencies:
    resolve-from "^2.0.0"
    semver "^5.1.0"

resolve-from@^2.0.0:
  version "2.0.0"
  resolved "https://registry.yarnpkg.com/resolve-from/-/resolve-from-2.0.0.tgz#9480ab20e94ffa1d9e80a804c7ea147611966b57"

semver@^5.1.0:
  version "5.3.0"
  resolved "https://registry.yarnpkg.com/semver/-/semver-5.3.0.tgz#9b2ce5d3de02d17c6012ad326aa6b4d0cf54f94f"

sliced@0.0.5:
  version "0.0.5"
  resolved "https://registry.yarnpkg.com/sliced/-/sliced-0.0.5.tgz#5edc044ca4eb6f7816d50ba2fc63e25d8fe4707f"

sliced@1.0.1:
  version "1.0.1"
  resolved "https://registry.yarnpkg.com/sliced/-/sliced-1.0.1.tgz#0b3a662b5d04c3177b1926bea82b03f837a2ef41"

string_decoder@~0.10.x:
  version "0.10.31"
  resolved "https://registry.yarnpkg.com/string_decoder/-/string_decoder-0.10.31.tgz#62e203bc41766c6c28c9fc84301dab1c5310fa94"

underscore@^1.8.3:
  version "1.8.3"
  resolved "https://registry.yarnpkg.com/underscore/-/underscore-1.8.3.tgz#4f3fb53b106e6097fcf9cb4109f2a5e9bdfa5022"

util-deprecate@~1.0.1:
  version "1.0.2"
  resolved "https://registry.yarnpkg.com/util-deprecate/-/util-deprecate-1.0.2.tgz#450d4dc9fa70de732762fbd2d4a28981419a0ccf"

wordwrap@~0.0.2:
  version "0.0.3"
  resolved "https://registry.yarnpkg.com/wordwrap/-/wordwrap-0.0.3.tgz#a3d5da6cd5c0bc0008d37234bbaf1bed63059107"

